dependencies:
- name: postgresql
  repository: https://charts.bitnami.com/bitnami
  version: 16.4.1
- name: redis
  repository: https://charts.bitnami.com/bitnami
  version: 20.6.1
- name: replicated
  repository: oci://registry.replicated.com/library
  version: 1.19.1
digest: sha256:9595ba58ffe371a173e781f21a3d1a26251cfecf32bf8157bf5c9d4f2af413d5
generated: "2026-04-08T17:40:22.652394-05:00"
