dependencies:
- name: postgresql
  repository: https://charts.bitnami.com/bitnami
  version: 16.4.1
- name: redis
  repository: https://charts.bitnami.com/bitnami
  version: 20.6.1
- name: replicated
  repository: oci://registry.replicated.com/library
  version: 1.19.0
digest: sha256:f1960cf570164ddb3379ae757c637c4f455d9c6934134fc1854920e0f8344bed
generated: "2026-04-06T12:02:10.700772-05:00"
